
Microsoft Visual Studio Solution File, Format Version 12.00
# Visual Studio 14
VisualStudioVersion = 14.0.25420.1
MinimumVisualStudioVersion = 10.0.40219.1
Project("{FAE04EC0-301F-11D3-BF4B-00C04F79EFBC}") = "Meu_Personal", "Meu_Personal\Meu_Personal\Meu_Personal.csproj", "{CAEE87DE-3A8E-4D56-AAED-42C4C8275083}"
EndProject
Project("{FAE04EC0-301F-11D3-BF4B-00C04F79EFBC}") = "Meu_Personal.Droid", "Meu_Personal\Meu_Personal.Droid\Meu_Personal.Droid.csproj", "{A66DFF15-3C65-4096-A10D-FB9F06F92FDF}"
EndProject
Project("{FAE04EC0-301F-11D3-BF4B-00C04F79EFBC}") = "Meu_Personal.iOS", "Meu_Personal\Meu_Personal.iOS\Meu_Personal.iOS.csproj", "{FCEB199C-20E9-475E-95C2-D91F0E34A125}"
EndProject
Project("{FAE04EC0-301F-11D3-BF4B-00C04F79EFBC}") = "Meu_Personal.WinPhone", "Meu_Personal\Meu_Personal.WinPhone\Meu_Personal.WinPhone.csproj", "{5815AC68-BF8E-4DAC-8016-D4A460B8FDA5}"
EndProject
Project("{FAE04EC0-301F-11D3-BF4B-00C04F79EFBC}") = "Uol.PagSeguro", "..\..\..\..\Downloads\dotnet-master\source\Uol.PagSeguro\Uol.PagSeguro.csproj", "{BABC5658-6AFD-4F8E-81F1-434553663D99}"
EndProject
Global
	GlobalSection(SolutionConfigurationPlatforms) = preSolution
		Ad-Hoc|Any CPU = Ad-Hoc|Any CPU
		Ad-Hoc|ARM = Ad-Hoc|ARM
		Ad-Hoc|iPhone = Ad-Hoc|iPhone
		Ad-Hoc|iPhoneSimulator = Ad-Hoc|iPhoneSimulator
		Ad-Hoc|x64 = Ad-Hoc|x64
		Ad-Hoc|x86 = Ad-Hoc|x86
		AppStore|Any CPU = AppStore|Any CPU
		AppStore|ARM = AppStore|ARM
		AppStore|iPhone = AppStore|iPhone
		AppStore|iPhoneSimulator = AppStore|iPhoneSimulator
		AppStore|x64 = AppStore|x64
		AppStore|x86 = AppStore|x86
		Debug|Any CPU = Debug|Any CPU
		Debug|ARM = Debug|ARM
		Debug|iPhone = Debug|iPhone
		Debug|iPhoneSimulator = Debug|iPhoneSimulator
		Debug|x64 = Debug|x64
		Debug|x86 = Debug|x86
		Release|Any CPU = Release|Any CPU
		Release|ARM = Release|ARM
		Release|iPhone = Release|iPhone
		Release|iPhoneSimulator = Release|iPhoneSimulator
		Release|x64 = Release|x64
		Release|x86 = Release|x86
	EndGlobalSection
	GlobalSection(ProjectConfigurationPlatforms) = postSolution
		{CAEE87DE-3A8E-4D56-AAED-42C4C8275083}.Ad-Hoc|Any CPU.ActiveCfg = Release|Any CPU
		{CAEE87DE-3A8E-4D56-AAED-42C4C8275083}.Ad-Hoc|Any CPU.Build.0 = Release|Any CPU
		{CAEE87DE-3A8E-4D56-AAED-42C4C8275083}.Ad-Hoc|ARM.ActiveCfg = Release|Any CPU
		{CAEE87DE-3A8E-4D56-AAED-42C4C8275083}.Ad-Hoc|ARM.Build.0 = Release|Any CPU
		{CAEE87DE-3A8E-4D56-AAED-42C4C8275083}.Ad-Hoc|iPhone.ActiveCfg = Release|Any CPU
		{CAEE87DE-3A8E-4D56-AAED-42C4C8275083}.Ad-Hoc|iPhone.Build.0 = Release|Any CPU
		{CAEE87DE-3A8E-4D56-AAED-42C4C8275083}.Ad-Hoc|iPhoneSimulator.ActiveCfg = Release|Any CPU
		{CAEE87DE-3A8E-4D56-AAED-42C4C8275083}.Ad-Hoc|iPhoneSimulator.Build.0 = Release|Any CPU
		{CAEE87DE-3A8E-4D56-AAED-42C4C8275083}.Ad-Hoc|x64.ActiveCfg = Release|Any CPU
		{CAEE87DE-3A8E-4D56-AAED-42C4C8275083}.Ad-Hoc|x64.Build.0 = Release|Any CPU
		{CAEE87DE-3A8E-4D56-AAED-42C4C8275083}.Ad-Hoc|x86.ActiveCfg = Release|Any CPU
		{CAEE87DE-3A8E-4D56-AAED-42C4C8275083}.Ad-Hoc|x86.Build.0 = Release|Any CPU
		{CAEE87DE-3A8E-4D56-AAED-42C4C8275083}.AppStore|Any CPU.ActiveCfg = Release|Any CPU
		{CAEE87DE-3A8E-4D56-AAED-42C4C8275083}.AppStore|Any CPU.Build.0 = Release|Any CPU
		{CAEE87DE-3A8E-4D56-AAED-42C4C8275083}.AppStore|ARM.ActiveCfg = Release|Any CPU
		{CAEE87DE-3A8E-4D56-AAED-42C4C8275083}.AppStore|ARM.Build.0 = Release|Any CPU
		{CAEE87DE-3A8E-4D56-AAED-42C4C8275083}.AppStore|iPhone.ActiveCfg = Release|Any CPU
		{CAEE87DE-3A8E-4D56-AAED-42C4C8275083}.AppStore|iPhone.Build.0 = Release|Any CPU
		{CAEE87DE-3A8E-4D56-AAED-42C4C8275083}.AppStore|iPhoneSimulator.ActiveCfg = Release|Any CPU
		{CAEE87DE-3A8E-4D56-AAED-42C4C8275083}.AppStore|iPhoneSimulator.Build.0 = Release|Any CPU
		{CAEE87DE-3A8E-4D56-AAED-42C4C8275083}.AppStore|x64.ActiveCfg = Release|Any CPU
		{CAEE87DE-3A8E-4D56-AAED-42C4C8275083}.AppStore|x64.Build.0 = Release|Any CPU
		{CAEE87DE-3A8E-4D56-AAED-42C4C8275083}.AppStore|x86.ActiveCfg = Release|Any CPU
		{CAEE87DE-3A8E-4D56-AAED-42C4C8275083}.AppStore|x86.Build.0 = Release|Any CPU
		{CAEE87DE-3A8E-4D56-AAED-42C4C8275083}.Debug|Any CPU.ActiveCfg = Release|Any CPU
		{CAEE87DE-3A8E-4D56-AAED-42C4C8275083}.Debug|Any CPU.Build.0 = Release|Any CPU
		{CAEE87DE-3A8E-4D56-AAED-42C4C8275083}.Debug|ARM.ActiveCfg = Debug|Any CPU
		{CAEE87DE-3A8E-4D56-AAED-42C4C8275083}.Debug|ARM.Build.0 = Debug|Any CPU
		{CAEE87DE-3A8E-4D56-AAED-42C4C8275083}.Debug|iPhone.ActiveCfg = Release|Any CPU
		{CAEE87DE-3A8E-4D56-AAED-42C4C8275083}.Debug|iPhone.Build.0 = Release|Any CPU
		{CAEE87DE-3A8E-4D56-AAED-42C4C8275083}.Debug|iPhoneSimulator.ActiveCfg = Debug|Any CPU
		{CAEE87DE-3A8E-4D56-AAED-42C4C8275083}.Debug|iPhoneSimulator.Build.0 = Debug|Any CPU
		{CAEE87DE-3A8E-4D56-AAED-42C4C8275083}.Debug|x64.ActiveCfg = Debug|Any CPU
		{CAEE87DE-3A8E-4D56-AAED-42C4C8275083}.Debug|x64.Build.0 = Debug|Any CPU
		{CAEE87DE-3A8E-4D56-AAED-42C4C8275083}.Debug|x86.ActiveCfg = Debug|Any CPU
		{CAEE87DE-3A8E-4D56-AAED-42C4C8275083}.Debug|x86.Build.0 = Debug|Any CPU
		{CAEE87DE-3A8E-4D56-AAED-42C4C8275083}.Release|Any CPU.ActiveCfg = Release|Any CPU
		{CAEE87DE-3A8E-4D56-AAED-42C4C8275083}.Release|Any CPU.Build.0 = Release|Any CPU
		{CAEE87DE-3A8E-4D56-AAED-42C4C8275083}.Release|ARM.ActiveCfg = Release|Any CPU
		{CAEE87DE-3A8E-4D56-AAED-42C4C8275083}.Release|ARM.Build.0 = Release|Any CPU
		{CAEE87DE-3A8E-4D56-AAED-42C4C8275083}.Release|iPhone.ActiveCfg = Release|Any CPU
		{CAEE87DE-3A8E-4D56-AAED-42C4C8275083}.Release|iPhone.Build.0 = Release|Any CPU
		{CAEE87DE-3A8E-4D56-AAED-42C4C8275083}.Release|iPhoneSimulator.ActiveCfg = Release|Any CPU
		{CAEE87DE-3A8E-4D56-AAED-42C4C8275083}.Release|iPhoneSimulator.Build.0 = Release|Any CPU
		{CAEE87DE-3A8E-4D56-AAED-42C4C8275083}.Release|x64.ActiveCfg = Release|Any CPU
		{CAEE87DE-3A8E-4D56-AAED-42C4C8275083}.Release|x64.Build.0 = Release|Any CPU
		{CAEE87DE-3A8E-4D56-AAED-42C4C8275083}.Release|x86.ActiveCfg = Release|Any CPU
		{CAEE87DE-3A8E-4D56-AAED-42C4C8275083}.Release|x86.Build.0 = Release|Any CPU
		{A66DFF15-3C65-4096-A10D-FB9F06F92FDF}.Ad-Hoc|Any CPU.ActiveCfg = Release|Any CPU
		{A66DFF15-3C65-4096-A10D-FB9F06F92FDF}.Ad-Hoc|Any CPU.Build.0 = Release|Any CPU
		{A66DFF15-3C65-4096-A10D-FB9F06F92FDF}.Ad-Hoc|Any CPU.Deploy.0 = Release|Any CPU
		{A66DFF15-3C65-4096-A10D-FB9F06F92FDF}.Ad-Hoc|ARM.ActiveCfg = Release|Any CPU
		{A66DFF15-3C65-4096-A10D-FB9F06F92FDF}.Ad-Hoc|ARM.Build.0 = Release|Any CPU
		{A66DFF15-3C65-4096-A10D-FB9F06F92FDF}.Ad-Hoc|ARM.Deploy.0 = Release|Any CPU
		{A66DFF15-3C65-4096-A10D-FB9F06F92FDF}.Ad-Hoc|iPhone.ActiveCfg = Release|Any CPU
		{A66DFF15-3C65-4096-A10D-FB9F06F92FDF}.Ad-Hoc|iPhone.Build.0 = Release|Any CPU
		{A66DFF15-3C65-4096-A10D-FB9F06F92FDF}.Ad-Hoc|iPhone.Deploy.0 = Release|Any CPU
		{A66DFF15-3C65-4096-A10D-FB9F06F92FDF}.Ad-Hoc|iPhoneSimulator.ActiveCfg = Release|Any CPU
		{A66DFF15-3C65-4096-A10D-FB9F06F92FDF}.Ad-Hoc|iPhoneSimulator.Build.0 = Release|Any CPU
		{A66DFF15-3C65-4096-A10D-FB9F06F92FDF}.Ad-Hoc|iPhoneSimulator.Deploy.0 = Release|Any CPU
		{A66DFF15-3C65-4096-A10D-FB9F06F92FDF}.Ad-Hoc|x64.ActiveCfg = Release|Any CPU
		{A66DFF15-3C65-4096-A10D-FB9F06F92FDF}.Ad-Hoc|x64.Build.0 = Release|Any CPU
		{A66DFF15-3C65-4096-A10D-FB9F06F92FDF}.Ad-Hoc|x64.Deploy.0 = Release|Any CPU
		{A66DFF15-3C65-4096-A10D-FB9F06F92FDF}.Ad-Hoc|x86.ActiveCfg = Release|Any CPU
		{A66DFF15-3C65-4096-A10D-FB9F06F92FDF}.Ad-Hoc|x86.Build.0 = Release|Any CPU
		{A66DFF15-3C65-4096-A10D-FB9F06F92FDF}.Ad-Hoc|x86.Deploy.0 = Release|Any CPU
		{A66DFF15-3C65-4096-A10D-FB9F06F92FDF}.AppStore|Any CPU.ActiveCfg = Release|Any CPU
		{A66DFF15-3C65-4096-A10D-FB9F06F92FDF}.AppStore|Any CPU.Build.0 = Release|Any CPU
		{A66DFF15-3C65-4096-A10D-FB9F06F92FDF}.AppStore|Any CPU.Deploy.0 = Release|Any CPU
		{A66DFF15-3C65-4096-A10D-FB9F06F92FDF}.AppStore|ARM.ActiveCfg = Release|Any CPU
		{A66DFF15-3C65-4096-A10D-FB9F06F92FDF}.AppStore|ARM.Build.0 = Release|Any CPU
		{A66DFF15-3C65-4096-A10D-FB9F06F92FDF}.AppStore|ARM.Deploy.0 = Release|Any CPU
		{A66DFF15-3C65-4096-A10D-FB9F06F92FDF}.AppStore|iPhone.ActiveCfg = Release|Any CPU
		{A66DFF15-3C65-4096-A10D-FB9F06F92FDF}.AppStore|iPhone.Build.0 = Release|Any CPU
		{A66DFF15-3C65-4096-A10D-FB9F06F92FDF}.AppStore|iPhone.Deploy.0 = Release|Any CPU
		{A66DFF15-3C65-4096-A10D-FB9F06F92FDF}.AppStore|iPhoneSimulator.ActiveCfg = Release|Any CPU
		{A66DFF15-3C65-4096-A10D-FB9F06F92FDF}.AppStore|iPhoneSimulator.Build.0 = Release|Any CPU
		{A66DFF15-3C65-4096-A10D-FB9F06F92FDF}.AppStore|iPhoneSimulator.Deploy.0 = Release|Any CPU
		{A66DFF15-3C65-4096-A10D-FB9F06F92FDF}.AppStore|x64.ActiveCfg = Release|Any CPU
		{A66DFF15-3C65-4096-A10D-FB9F06F92FDF}.AppStore|x64.Build.0 = Release|Any CPU
		{A66DFF15-3C65-4096-A10D-FB9F06F92FDF}.AppStore|x64.Deploy.0 = Release|Any CPU
		{A66DFF15-3C65-4096-A10D-FB9F06F92FDF}.AppStore|x86.ActiveCfg = Release|Any CPU
		{A66DFF15-3C65-4096-A10D-FB9F06F92FDF}.AppStore|x86.Build.0 = Release|Any CPU
		{A66DFF15-3C65-4096-A10D-FB9F06F92FDF}.AppStore|x86.Deploy.0 = Release|Any CPU
		{A66DFF15-3C65-4096-A10D-FB9F06F92FDF}.Debug|Any CPU.ActiveCfg = Release|Any CPU
		{A66DFF15-3C65-4096-A10D-FB9F06F92FDF}.Debug|Any CPU.Build.0 = Release|Any CPU
		{A66DFF15-3C65-4096-A10D-FB9F06F92FDF}.Debug|Any CPU.Deploy.0 = Release|Any CPU
		{A66DFF15-3C65-4096-A10D-FB9F06F92FDF}.Debug|ARM.ActiveCfg = Debug|Any CPU
		{A66DFF15-3C65-4096-A10D-FB9F06F92FDF}.Debug|ARM.Build.0 = Debug|Any CPU
		{A66DFF15-3C65-4096-A10D-FB9F06F92FDF}.Debug|ARM.Deploy.0 = Debug|Any CPU
		{A66DFF15-3C65-4096-A10D-FB9F06F92FDF}.Debug|iPhone.ActiveCfg = Release|Any CPU
		{A66DFF15-3C65-4096-A10D-FB9F06F92FDF}.Debug|iPhone.Build.0 = Release|Any CPU
		{A66DFF15-3C65-4096-A10D-FB9F06F92FDF}.Debug|iPhone.Deploy.0 = Release|Any CPU
		{A66DFF15-3C65-4096-A10D-FB9F06F92FDF}.Debug|iPhoneSimulator.ActiveCfg = Debug|Any CPU
		{A66DFF15-3C65-4096-A10D-FB9F06F92FDF}.Debug|iPhoneSimulator.Build.0 = Debug|Any CPU
		{A66DFF15-3C65-4096-A10D-FB9F06F92FDF}.Debug|iPhoneSimulator.Deploy.0 = Debug|Any CPU
		{A66DFF15-3C65-4096-A10D-FB9F06F92FDF}.Debug|x64.ActiveCfg = Debug|Any CPU
		{A66DFF15-3C65-4096-A10D-FB9F06F92FDF}.Debug|x64.Build.0 = Debug|Any CPU
		{A66DFF15-3C65-4096-A10D-FB9F06F92FDF}.Debug|x64.Deploy.0 = Debug|Any CPU
		{A66DFF15-3C65-4096-A10D-FB9F06F92FDF}.Debug|x86.ActiveCfg = Debug|Any CPU
		{A66DFF15-3C65-4096-A10D-FB9F06F92FDF}.Debug|x86.Build.0 = Debug|Any CPU
		{A66DFF15-3C65-4096-A10D-FB9F06F92FDF}.Debug|x86.Deploy.0 = Debug|Any CPU
		{A66DFF15-3C65-4096-A10D-FB9F06F92FDF}.Release|Any CPU.ActiveCfg = Release|Any CPU
		{A66DFF15-3C65-4096-A10D-FB9F06F92FDF}.Release|Any CPU.Build.0 = Release|Any CPU
		{A66DFF15-3C65-4096-A10D-FB9F06F92FDF}.Release|Any CPU.Deploy.0 = Release|Any CPU
		{A66DFF15-3C65-4096-A10D-FB9F06F92FDF}.Release|ARM.ActiveCfg = Release|Any CPU
		{A66DFF15-3C65-4096-A10D-FB9F06F92FDF}.Release|ARM.Build.0 = Release|Any CPU
		{A66DFF15-3C65-4096-A10D-FB9F06F92FDF}.Release|ARM.Deploy.0 = Release|Any CPU
		{A66DFF15-3C65-4096-A10D-FB9F06F92FDF}.Release|iPhone.ActiveCfg = Release|Any CPU
		{A66DFF15-3C65-4096-A10D-FB9F06F92FDF}.Release|iPhone.Build.0 = Release|Any CPU
		{A66DFF15-3C65-4096-A10D-FB9F06F92FDF}.Release|iPhone.Deploy.0 = Release|Any CPU
		{A66DFF15-3C65-4096-A10D-FB9F06F92FDF}.Release|iPhoneSimulator.ActiveCfg = Release|Any CPU
		{A66DFF15-3C65-4096-A10D-FB9F06F92FDF}.Release|iPhoneSimulator.Build.0 = Release|Any CPU
		{A66DFF15-3C65-4096-A10D-FB9F06F92FDF}.Release|iPhoneSimulator.Deploy.0 = Release|Any CPU
		{A66DFF15-3C65-4096-A10D-FB9F06F92FDF}.Release|x64.ActiveCfg = Release|Any CPU
		{A66DFF15-3C65-4096-A10D-FB9F06F92FDF}.Release|x64.Build.0 = Release|Any CPU
		{A66DFF15-3C65-4096-A10D-FB9F06F92FDF}.Release|x64.Deploy.0 = Release|Any CPU
		{A66DFF15-3C65-4096-A10D-FB9F06F92FDF}.Release|x86.ActiveCfg = Release|Any CPU
		{A66DFF15-3C65-4096-A10D-FB9F06F92FDF}.Release|x86.Build.0 = Release|Any CPU
		{A66DFF15-3C65-4096-A10D-FB9F06F92FDF}.Release|x86.Deploy.0 = Release|Any CPU
		{FCEB199C-20E9-475E-95C2-D91F0E34A125}.Ad-Hoc|Any CPU.ActiveCfg = Ad-Hoc|iPhone
		{FCEB199C-20E9-475E-95C2-D91F0E34A125}.Ad-Hoc|ARM.ActiveCfg = Ad-Hoc|iPhone
		{FCEB199C-20E9-475E-95C2-D91F0E34A125}.Ad-Hoc|iPhone.ActiveCfg = Ad-Hoc|iPhone
		{FCEB199C-20E9-475E-95C2-D91F0E34A125}.Ad-Hoc|iPhone.Build.0 = Ad-Hoc|iPhone
		{FCEB199C-20E9-475E-95C2-D91F0E34A125}.Ad-Hoc|iPhoneSimulator.ActiveCfg = Ad-Hoc|iPhoneSimulator
		{FCEB199C-20E9-475E-95C2-D91F0E34A125}.Ad-Hoc|iPhoneSimulator.Build.0 = Ad-Hoc|iPhoneSimulator
		{FCEB199C-20E9-475E-95C2-D91F0E34A125}.Ad-Hoc|x64.ActiveCfg = Ad-Hoc|iPhone
		{FCEB199C-20E9-475E-95C2-D91F0E34A125}.Ad-Hoc|x86.ActiveCfg = Ad-Hoc|iPhone
		{FCEB199C-20E9-475E-95C2-D91F0E34A125}.AppStore|Any CPU.ActiveCfg = AppStore|iPhone
		{FCEB199C-20E9-475E-95C2-D91F0E34A125}.AppStore|ARM.ActiveCfg = AppStore|iPhone
		{FCEB199C-20E9-475E-95C2-D91F0E34A125}.AppStore|iPhone.ActiveCfg = AppStore|iPhone
		{FCEB199C-20E9-475E-95C2-D91F0E34A125}.AppStore|iPhone.Build.0 = AppStore|iPhone
		{FCEB199C-20E9-475E-95C2-D91F0E34A125}.AppStore|iPhoneSimulator.ActiveCfg = AppStore|iPhoneSimulator
		{FCEB199C-20E9-475E-95C2-D91F0E34A125}.AppStore|iPhoneSimulator.Build.0 = AppStore|iPhoneSimulator
		{FCEB199C-20E9-475E-95C2-D91F0E34A125}.AppStore|x64.ActiveCfg = AppStore|iPhone
		{FCEB199C-20E9-475E-95C2-D91F0E34A125}.AppStore|x86.ActiveCfg = AppStore|iPhone
		{FCEB199C-20E9-475E-95C2-D91F0E34A125}.Debug|Any CPU.ActiveCfg = Release|iPhone
		{FCEB199C-20E9-475E-95C2-D91F0E34A125}.Debug|ARM.ActiveCfg = Debug|iPhone
		{FCEB199C-20E9-475E-95C2-D91F0E34A125}.Debug|iPhone.ActiveCfg = Release|iPhone
		{FCEB199C-20E9-475E-95C2-D91F0E34A125}.Debug|iPhone.Build.0 = Release|iPhone
		{FCEB199C-20E9-475E-95C2-D91F0E34A125}.Debug|iPhoneSimulator.ActiveCfg = Debug|iPhoneSimulator
		{FCEB199C-20E9-475E-95C2-D91F0E34A125}.Debug|iPhoneSimulator.Build.0 = Debug|iPhoneSimulator
		{FCEB199C-20E9-475E-95C2-D91F0E34A125}.Debug|x64.ActiveCfg = Debug|iPhone
		{FCEB199C-20E9-475E-95C2-D91F0E34A125}.Debug|x86.ActiveCfg = Debug|iPhone
		{FCEB199C-20E9-475E-95C2-D91F0E34A125}.Release|Any CPU.ActiveCfg = Release|iPhone
		{FCEB199C-20E9-475E-95C2-D91F0E34A125}.Release|ARM.ActiveCfg = Release|iPhone
		{FCEB199C-20E9-475E-95C2-D91F0E34A125}.Release|iPhone.ActiveCfg = Release|iPhone
		{FCEB199C-20E9-475E-95C2-D91F0E34A125}.Release|iPhone.Build.0 = Release|iPhone
		{FCEB199C-20E9-475E-95C2-D91F0E34A125}.Release|iPhoneSimulator.ActiveCfg = Release|iPhoneSimulator
		{FCEB199C-20E9-475E-95C2-D91F0E34A125}.Release|iPhoneSimulator.Build.0 = Release|iPhoneSimulator
		{FCEB199C-20E9-475E-95C2-D91F0E34A125}.Release|x64.ActiveCfg = Release|iPhone
		{FCEB199C-20E9-475E-95C2-D91F0E34A125}.Release|x86.ActiveCfg = Release|iPhone
		{5815AC68-BF8E-4DAC-8016-D4A460B8FDA5}.Ad-Hoc|Any CPU.ActiveCfg = Release|Any CPU
		{5815AC68-BF8E-4DAC-8016-D4A460B8FDA5}.Ad-Hoc|Any CPU.Build.0 = Release|Any CPU
		{5815AC68-BF8E-4DAC-8016-D4A460B8FDA5}.Ad-Hoc|Any CPU.Deploy.0 = Release|Any CPU
		{5815AC68-BF8E-4DAC-8016-D4A460B8FDA5}.Ad-Hoc|ARM.ActiveCfg = Release|ARM
		{5815AC68-BF8E-4DAC-8016-D4A460B8FDA5}.Ad-Hoc|ARM.Build.0 = Release|ARM
		{5815AC68-BF8E-4DAC-8016-D4A460B8FDA5}.Ad-Hoc|ARM.Deploy.0 = Release|ARM
		{5815AC68-BF8E-4DAC-8016-D4A460B8FDA5}.Ad-Hoc|iPhone.ActiveCfg = Release|Any CPU
		{5815AC68-BF8E-4DAC-8016-D4A460B8FDA5}.Ad-Hoc|iPhone.Build.0 = Release|Any CPU
		{5815AC68-BF8E-4DAC-8016-D4A460B8FDA5}.Ad-Hoc|iPhone.Deploy.0 = Release|Any CPU
		{5815AC68-BF8E-4DAC-8016-D4A460B8FDA5}.Ad-Hoc|iPhoneSimulator.ActiveCfg = Release|Any CPU
		{5815AC68-BF8E-4DAC-8016-D4A460B8FDA5}.Ad-Hoc|iPhoneSimulator.Build.0 = Release|Any CPU
		{5815AC68-BF8E-4DAC-8016-D4A460B8FDA5}.Ad-Hoc|iPhoneSimulator.Deploy.0 = Release|Any CPU
		{5815AC68-BF8E-4DAC-8016-D4A460B8FDA5}.Ad-Hoc|x64.ActiveCfg = Release|Any CPU
		{5815AC68-BF8E-4DAC-8016-D4A460B8FDA5}.Ad-Hoc|x64.Build.0 = Release|Any CPU
		{5815AC68-BF8E-4DAC-8016-D4A460B8FDA5}.Ad-Hoc|x64.Deploy.0 = Release|Any CPU
		{5815AC68-BF8E-4DAC-8016-D4A460B8FDA5}.Ad-Hoc|x86.ActiveCfg = Release|x86
		{5815AC68-BF8E-4DAC-8016-D4A460B8FDA5}.Ad-Hoc|x86.Build.0 = Release|x86
		{5815AC68-BF8E-4DAC-8016-D4A460B8FDA5}.Ad-Hoc|x86.Deploy.0 = Release|x86
		{5815AC68-BF8E-4DAC-8016-D4A460B8FDA5}.AppStore|Any CPU.ActiveCfg = Release|Any CPU
		{5815AC68-BF8E-4DAC-8016-D4A460B8FDA5}.AppStore|Any CPU.Build.0 = Release|Any CPU
		{5815AC68-BF8E-4DAC-8016-D4A460B8FDA5}.AppStore|Any CPU.Deploy.0 = Release|Any CPU
		{5815AC68-BF8E-4DAC-8016-D4A460B8FDA5}.AppStore|ARM.ActiveCfg = Release|ARM
		{5815AC68-BF8E-4DAC-8016-D4A460B8FDA5}.AppStore|ARM.Build.0 = Release|ARM
		{5815AC68-BF8E-4DAC-8016-D4A460B8FDA5}.AppStore|ARM.Deploy.0 = Release|ARM
		{5815AC68-BF8E-4DAC-8016-D4A460B8FDA5}.AppStore|iPhone.ActiveCfg = Release|Any CPU
		{5815AC68-BF8E-4DAC-8016-D4A460B8FDA5}.AppStore|iPhone.Build.0 = Release|Any CPU
		{5815AC68-BF8E-4DAC-8016-D4A460B8FDA5}.AppStore|iPhone.Deploy.0 = Release|Any CPU
		{5815AC68-BF8E-4DAC-8016-D4A460B8FDA5}.AppStore|iPhoneSimulator.ActiveCfg = Release|Any CPU
		{5815AC68-BF8E-4DAC-8016-D4A460B8FDA5}.AppStore|iPhoneSimulator.Build.0 = Release|Any CPU
		{5815AC68-BF8E-4DAC-8016-D4A460B8FDA5}.AppStore|iPhoneSimulator.Deploy.0 = Release|Any CPU
		{5815AC68-BF8E-4DAC-8016-D4A460B8FDA5}.AppStore|x64.ActiveCfg = Release|Any CPU
		{5815AC68-BF8E-4DAC-8016-D4A460B8FDA5}.AppStore|x64.Build.0 = Release|Any CPU
		{5815AC68-BF8E-4DAC-8016-D4A460B8FDA5}.AppStore|x64.Deploy.0 = Release|Any CPU
		{5815AC68-BF8E-4DAC-8016-D4A460B8FDA5}.AppStore|x86.ActiveCfg = Release|x86
		{5815AC68-BF8E-4DAC-8016-D4A460B8FDA5}.AppStore|x86.Build.0 = Release|x86
		{5815AC68-BF8E-4DAC-8016-D4A460B8FDA5}.AppStore|x86.Deploy.0 = Release|x86
		{5815AC68-BF8E-4DAC-8016-D4A460B8FDA5}.Debug|Any CPU.ActiveCfg = Release|Any CPU
		{5815AC68-BF8E-4DAC-8016-D4A460B8FDA5}.Debug|Any CPU.Build.0 = Release|Any CPU
		{5815AC68-BF8E-4DAC-8016-D4A460B8FDA5}.Debug|Any CPU.Deploy.0 = Release|Any CPU
		{5815AC68-BF8E-4DAC-8016-D4A460B8FDA5}.Debug|ARM.ActiveCfg = Debug|ARM
		{5815AC68-BF8E-4DAC-8016-D4A460B8FDA5}.Debug|ARM.Build.0 = Debug|ARM
		{5815AC68-BF8E-4DAC-8016-D4A460B8FDA5}.Debug|ARM.Deploy.0 = Debug|ARM
		{5815AC68-BF8E-4DAC-8016-D4A460B8FDA5}.Debug|iPhone.ActiveCfg = Release|Any CPU
		{5815AC68-BF8E-4DAC-8016-D4A460B8FDA5}.Debug|iPhone.Build.0 = Release|Any CPU
		{5815AC68-BF8E-4DAC-8016-D4A460B8FDA5}.Debug|iPhone.Deploy.0 = Release|Any CPU
		{5815AC68-BF8E-4DAC-8016-D4A460B8FDA5}.Debug|iPhoneSimulator.ActiveCfg = Debug|Any CPU
		{5815AC68-BF8E-4DAC-8016-D4A460B8FDA5}.Debug|iPhoneSimulator.Build.0 = Debug|Any CPU
		{5815AC68-BF8E-4DAC-8016-D4A460B8FDA5}.Debug|iPhoneSimulator.Deploy.0 = Debug|Any CPU
		{5815AC68-BF8E-4DAC-8016-D4A460B8FDA5}.Debug|x64.ActiveCfg = Debug|Any CPU
		{5815AC68-BF8E-4DAC-8016-D4A460B8FDA5}.Debug|x64.Build.0 = Debug|Any CPU
		{5815AC68-BF8E-4DAC-8016-D4A460B8FDA5}.Debug|x64.Deploy.0 = Debug|Any CPU
		{5815AC68-BF8E-4DAC-8016-D4A460B8FDA5}.Debug|x86.ActiveCfg = Debug|x86
		{5815AC68-BF8E-4DAC-8016-D4A460B8FDA5}.Debug|x86.Build.0 = Debug|x86
		{5815AC68-BF8E-4DAC-8016-D4A460B8FDA5}.Debug|x86.Deploy.0 = Debug|x86
		{5815AC68-BF8E-4DAC-8016-D4A460B8FDA5}.Release|Any CPU.ActiveCfg = Release|Any CPU
		{5815AC68-BF8E-4DAC-8016-D4A460B8FDA5}.Release|Any CPU.Build.0 = Release|Any CPU
		{5815AC68-BF8E-4DAC-8016-D4A460B8FDA5}.Release|Any CPU.Deploy.0 = Release|Any CPU
		{5815AC68-BF8E-4DAC-8016-D4A460B8FDA5}.Release|ARM.ActiveCfg = Release|ARM
		{5815AC68-BF8E-4DAC-8016-D4A460B8FDA5}.Release|ARM.Build.0 = Release|ARM
		{5815AC68-BF8E-4DAC-8016-D4A460B8FDA5}.Release|ARM.Deploy.0 = Release|ARM
		{5815AC68-BF8E-4DAC-8016-D4A460B8FDA5}.Release|iPhone.ActiveCfg = Release|Any CPU
		{5815AC68-BF8E-4DAC-8016-D4A460B8FDA5}.Release|iPhone.Build.0 = Release|Any CPU
		{5815AC68-BF8E-4DAC-8016-D4A460B8FDA5}.Release|iPhone.Deploy.0 = Release|Any CPU
		{5815AC68-BF8E-4DAC-8016-D4A460B8FDA5}.Release|iPhoneSimulator.ActiveCfg = Release|Any CPU
		{5815AC68-BF8E-4DAC-8016-D4A460B8FDA5}.Release|iPhoneSimulator.Build.0 = Release|Any CPU
		{5815AC68-BF8E-4DAC-8016-D4A460B8FDA5}.Release|iPhoneSimulator.Deploy.0 = Release|Any CPU
		{5815AC68-BF8E-4DAC-8016-D4A460B8FDA5}.Release|x64.ActiveCfg = Release|Any CPU
		{5815AC68-BF8E-4DAC-8016-D4A460B8FDA5}.Release|x64.Build.0 = Release|Any CPU
		{5815AC68-BF8E-4DAC-8016-D4A460B8FDA5}.Release|x64.Deploy.0 = Release|Any CPU
		{5815AC68-BF8E-4DAC-8016-D4A460B8FDA5}.Release|x86.ActiveCfg = Release|x86
		{5815AC68-BF8E-4DAC-8016-D4A460B8FDA5}.Release|x86.Build.0 = Release|x86
		{5815AC68-BF8E-4DAC-8016-D4A460B8FDA5}.Release|x86.Deploy.0 = Release|x86
		{BABC5658-6AFD-4F8E-81F1-434553663D99}.Ad-Hoc|Any CPU.ActiveCfg = Release|Any CPU
		{BABC5658-6AFD-4F8E-81F1-434553663D99}.Ad-Hoc|Any CPU.Build.0 = Release|Any CPU
		{BABC5658-6AFD-4F8E-81F1-434553663D99}.Ad-Hoc|ARM.ActiveCfg = Release|Any CPU
		{BABC5658-6AFD-4F8E-81F1-434553663D99}.Ad-Hoc|ARM.Build.0 = Release|Any CPU
		{BABC5658-6AFD-4F8E-81F1-434553663D99}.Ad-Hoc|iPhone.ActiveCfg = Release|Any CPU
		{BABC5658-6AFD-4F8E-81F1-434553663D99}.Ad-Hoc|iPhone.Build.0 = Release|Any CPU
		{BABC5658-6AFD-4F8E-81F1-434553663D99}.Ad-Hoc|iPhoneSimulator.ActiveCfg = Release|Any CPU
		{BABC5658-6AFD-4F8E-81F1-434553663D99}.Ad-Hoc|iPhoneSimulator.Build.0 = Release|Any CPU
		{BABC5658-6AFD-4F8E-81F1-434553663D99}.Ad-Hoc|x64.ActiveCfg = Release|Any CPU
		{BABC5658-6AFD-4F8E-81F1-434553663D99}.Ad-Hoc|x64.Build.0 = Release|Any CPU
		{BABC5658-6AFD-4F8E-81F1-434553663D99}.Ad-Hoc|x86.ActiveCfg = Release|Any CPU
		{BABC5658-6AFD-4F8E-81F1-434553663D99}.Ad-Hoc|x86.Build.0 = Release|Any CPU
		{BABC5658-6AFD-4F8E-81F1-434553663D99}.AppStore|Any CPU.ActiveCfg = Release|Any CPU
		{BABC5658-6AFD-4F8E-81F1-434553663D99}.AppStore|Any CPU.Build.0 = Release|Any CPU
		{BABC5658-6AFD-4F8E-81F1-434553663D99}.AppStore|ARM.ActiveCfg = Release|Any CPU
		{BABC5658-6AFD-4F8E-81F1-434553663D99}.AppStore|ARM.Build.0 = Release|Any CPU
		{BABC5658-6AFD-4F8E-81F1-434553663D99}.AppStore|iPhone.ActiveCfg = Release|Any CPU
		{BABC5658-6AFD-4F8E-81F1-434553663D99}.AppStore|iPhone.Build.0 = Release|Any CPU
		{BABC5658-6AFD-4F8E-81F1-434553663D99}.AppStore|iPhoneSimulator.ActiveCfg = Release|Any CPU
		{BABC5658-6AFD-4F8E-81F1-434553663D99}.AppStore|iPhoneSimulator.Build.0 = Release|Any CPU
		{BABC5658-6AFD-4F8E-81F1-434553663D99}.AppStore|x64.ActiveCfg = Release|Any CPU
		{BABC5658-6AFD-4F8E-81F1-434553663D99}.AppStore|x64.Build.0 = Release|Any CPU
		{BABC5658-6AFD-4F8E-81F1-434553663D99}.AppStore|x86.ActiveCfg = Release|Any CPU
		{BABC5658-6AFD-4F8E-81F1-434553663D99}.AppStore|x86.Build.0 = Release|Any CPU
		{BABC5658-6AFD-4F8E-81F1-434553663D99}.Debug|Any CPU.ActiveCfg = Debug|Any CPU
		{BABC5658-6AFD-4F8E-81F1-434553663D99}.Debug|Any CPU.Build.0 = Debug|Any CPU
		{BABC5658-6AFD-4F8E-81F1-434553663D99}.Debug|ARM.ActiveCfg = Debug|Any CPU
		{BABC5658-6AFD-4F8E-81F1-434553663D99}.Debug|ARM.Build.0 = Debug|Any CPU
		{BABC5658-6AFD-4F8E-81F1-434553663D99}.Debug|iPhone.ActiveCfg = Debug|Any CPU
		{BABC5658-6AFD-4F8E-81F1-434553663D99}.Debug|iPhone.Build.0 = Debug|Any CPU
		{BABC5658-6AFD-4F8E-81F1-434553663D99}.Debug|iPhoneSimulator.ActiveCfg = Debug|Any CPU
		{BABC5658-6AFD-4F8E-81F1-434553663D99}.Debug|iPhoneSimulator.Build.0 = Debug|Any CPU
		{BABC5658-6AFD-4F8E-81F1-434553663D99}.Debug|x64.ActiveCfg = Debug|Any CPU
		{BABC5658-6AFD-4F8E-81F1-434553663D99}.Debug|x64.Build.0 = Debug|Any CPU
		{BABC5658-6AFD-4F8E-81F1-434553663D99}.Debug|x86.ActiveCfg = Debug|Any CPU
		{BABC5658-6AFD-4F8E-81F1-434553663D99}.Debug|x86.Build.0 = Debug|Any CPU
		{BABC5658-6AFD-4F8E-81F1-434553663D99}.Release|Any CPU.ActiveCfg = Release|Any CPU
		{BABC5658-6AFD-4F8E-81F1-434553663D99}.Release|Any CPU.Build.0 = Release|Any CPU
		{BABC5658-6AFD-4F8E-81F1-434553663D99}.Release|ARM.ActiveCfg = Release|Any CPU
		{BABC5658-6AFD-4F8E-81F1-434553663D99}.Release|ARM.Build.0 = Release|Any CPU
		{BABC5658-6AFD-4F8E-81F1-434553663D99}.Release|iPhone.ActiveCfg = Release|Any CPU
		{BABC5658-6AFD-4F8E-81F1-434553663D99}.Release|iPhone.Build.0 = Release|Any CPU
		{BABC5658-6AFD-4F8E-81F1-434553663D99}.Release|iPhoneSimulator.ActiveCfg = Release|Any CPU
		{BABC5658-6AFD-4F8E-81F1-434553663D99}.Release|iPhoneSimulator.Build.0 = Release|Any CPU
		{BABC5658-6AFD-4F8E-81F1-434553663D99}.Release|x64.ActiveCfg = Release|Any CPU
		{BABC5658-6AFD-4F8E-81F1-434553663D99}.Release|x64.Build.0 = Release|Any CPU
		{BABC5658-6AFD-4F8E-81F1-434553663D99}.Release|x86.ActiveCfg = Release|Any CPU
		{BABC5658-6AFD-4F8E-81F1-434553663D99}.Release|x86.Build.0 = Release|Any CPU
	EndGlobalSection
	GlobalSection(SolutionProperties) = preSolution
		HideSolutionNode = FALSE
	EndGlobalSection
EndGlobal
